
Microsoft Visual Studio Solution File, Format Version 12.00
# Visual Studio Version 17
VisualStudioVersion = 17.2.32516.85
MinimumVisualStudioVersion = 10.0.40219.1
Project("{FAE04EC0-301F-11D3-BF4B-00C04F79EFBC}") = "Probability-Project", "Probability-Project\Probability-Project.csproj", "{B3FBB783-5945-4B3C-80AF-37FE7BC34AA5}"
EndProject
Global
	GlobalSection(SolutionConfigurationPlatforms) = preSolution
		Debug|Any CPU = Debug|Any CPU
		Release|Any CPU = Release|Any CPU
	EndGlobalSection
	GlobalSection(ProjectConfigurationPlatforms) = postSolution
		{B3FBB783-5945-4B3C-80AF-37FE7BC34AA5}.Debug|Any CPU.ActiveCfg = Debug|Any CPU
		{B3FBB783-5945-4B3C-80AF-37FE7BC34AA5}.Debug|Any CPU.Build.0 = Debug|Any CPU
		{B3FBB783-5945-4B3C-80AF-37FE7BC34AA5}.Release|Any CPU.ActiveCfg = Release|Any CPU
		{B3FBB783-5945-4B3C-80AF-37FE7BC34AA5}.Release|Any CPU.Build.0 = Release|Any CPU
	EndGlobalSection
	GlobalSection(SolutionProperties) = preSolution
		HideSolutionNode = FALSE
	EndGlobalSection
	GlobalSection(ExtensibilityGlobals) = postSolution
		SolutionGuid = {2E423832-E1AD-4078-A7CB-E9C78B739E8F}
	EndGlobalSection
EndGlobal
